// !$*UTF8*$!
{
	archiveVersion = 1;
	classes = {
	};
	objectVersion = 56;
	objects = {

/* Begin PBXBuildFile section */
		E592A91D294D451D000120D1 /* CardView.swift in Sources */ = {isa = PBXBuildFile; fileRef = E592A91C294D451D000120D1 /* CardView.swift */; };
		E592A91F294D9DDD000120D1 /* TrailingIconLabelStyle.swift in Sources */ = {isa = PBXBuildFile; fileRef = E592A91E294D9DDD000120D1 /* TrailingIconLabelStyle.swift */; };
		E5B4F46C29487C8E004CA325 /* ScrumdingerApp.swift in Sources */ = {isa = PBXBuildFile; fileRef = E5B4F46B29487C8E004CA325 /* ScrumdingerApp.swift */; };
		E5B4F46E29487C8E004CA325 /* MeetingView.swift in Sources */ = {isa = PBXBuildFile; fileRef = E5B4F46D29487C8E004CA325 /* MeetingView.swift */; };
		E5B4F47029487C8F004CA325 /* Assets.xcassets in Resources */ = {isa = PBXBuildFile; fileRef = E5B4F46F29487C8F004CA325 /* Assets.xcassets */; };
		E5B4F47329487C8F004CA325 /* Preview Assets.xcassets in Resources */ = {isa = PBXBuildFile; fileRef = E5B4F47229487C8F004CA325 /* Preview Assets.xcassets */; };
		E5B4F47D29487C8F004CA325 /* ScrumdingerTests.swift in Sources */ = {isa = PBXBuildFile; fileRef = E5B4F47C29487C8F004CA325 /* ScrumdingerTests.swift */; };
		E5B4F48729487C8F004CA325 /* ScrumdingerUITests.swift in Sources */ = {isa = PBXBuildFile; fileRef = E5B4F48629487C8F004CA325 /* ScrumdingerUITests.swift */; };
		E5B4F48929487C8F004CA325 /* ScrumdingerUITestsLaunchTests.swift in Sources */ = {isa = PBXBuildFile; fileRef = E5B4F48829487C8F004CA325 /* ScrumdingerUITestsLaunchTests.swift */; };
		E5C72A92294C651F00825BE2 /* Theme.swift in Sources */ = {isa = PBXBuildFile; fileRef = E5C72A91294C651F00825BE2 /* Theme.swift */; };
		E5C72A94294C7BBC00825BE2 /* DailyScrum.swift in Sources */ = {isa = PBXBuildFile; fileRef = E5C72A93294C7BBC00825BE2 /* DailyScrum.swift */; };
		E5DF301E294FD86900B5A56E /* ScrumsView.swift in Sources */ = {isa = PBXBuildFile; fileRef = E5DF301D294FD86900B5A56E /* ScrumsView.swift */; };
/* End PBXBuildFile section */

/* Begin PBXContainerItemProxy section */
		E5B4F47929487C8F004CA325 /* PBXContainerItemProxy */ = {
			isa = PBXContainerItemProxy;
			containerPortal = E5B4F46029487C8E004CA325 /* Project object */;
			proxyType = 1;
			remoteGlobalIDString = E5B4F46729487C8E004CA325;
			remoteInfo = Scrumdinger;
		};
		E5B4F48329487C8F004CA325 /* PBXContainerItemProxy */ = {
			isa = PBXContainerItemProxy;
			containerPortal = E5B4F46029487C8E004CA325 /* Project object */;
			proxyType = 1;
			remoteGlobalIDString = E5B4F46729487C8E004CA325;
			remoteInfo = Scrumdinger;
		};
/* End PBXContainerItemProxy section */

/* Begin PBXFileReference section */
		E592A91C294D451D000120D1 /* CardView.swift */ = {isa = PBXFileReference; lastKnownFileType = sourcecode.swift; path = CardView.swift; sourceTree = "<group>"; };
		E592A91E294D9DDD000120D1 /* TrailingIconLabelStyle.swift */ = {isa = PBXFileReference; lastKnownFileType = sourcecode.swift; path = TrailingIconLabelStyle.swift; sourceTree = "<group>"; };
		E5B4F46829487C8E004CA325 /* Scrumdinger.app */ = {isa = PBXFileReference; explicitFileType = wrapper.application; includeInIndex = 0; path = Scrumdinger.app; sourceTree = BUILT_PRODUCTS_DIR; };
		E5B4F46B29487C8E004CA325 /* ScrumdingerApp.swift */ = {isa = PBXFileReference; lastKnownFileType = sourcecode.swift; path = ScrumdingerApp.swift; sourceTree = "<group>"; };
		E5B4F46D29487C8E004CA325 /* MeetingView.swift */ = {isa = PBXFileReference; lastKnownFileType = sourcecode.swift; path = MeetingView.swift; sourceTree = "<group>"; };
		E5B4F46F29487C8F004CA325 /* Assets.xcassets */ = {isa = PBXFileReference; lastKnownFileType = folder.assetcatalog; path = Assets.xcassets; sourceTree = "<group>"; };
		E5B4F47229487C8F004CA325 /* Preview Assets.xcassets */ = {isa = PBXFileReference; lastKnownFileType = folder.assetcatalog; path = "Preview Assets.xcassets"; sourceTree = "<group>"; };
		E5B4F47829487C8F004CA325 /* ScrumdingerTests.xctest */ = {isa = PBXFileReference; explicitFileType = wrapper.cfbundle; includeInIndex = 0; path = ScrumdingerTests.xctest; sourceTree = BUILT_PRODUCTS_DIR; };
		E5B4F47C29487C8F004CA325 /* ScrumdingerTests.swift */ = {isa = PBXFileReference; lastKnownFileType = sourcecode.swift; path = ScrumdingerTests.swift; sourceTree = "<group>"; };
		E5B4F48229487C8F004CA325 /* ScrumdingerUITests.xctest */ = {isa = PBXFileReference; explicitFileType = wrapper.cfbundle; includeInIndex = 0; path = ScrumdingerUITests.xctest; sourceTree = BUILT_PRODUCTS_DIR; };
		E5B4F48629487C8F004CA325 /* ScrumdingerUITests.swift */ = {isa = PBXFileReference; lastKnownFileType = sourcecode.swift; path = ScrumdingerUITests.swift; sourceTree = "<group>"; };
		E5B4F48829487C8F004CA325 /* ScrumdingerUITestsLaunchTests.swift */ = {isa = PBXFileReference; lastKnownFileType = sourcecode.swift; path = ScrumdingerUITestsLaunchTests.swift; sourceTree = "<group>"; };
		E5C72A91294C651F00825BE2 /* Theme.swift */ = {isa = PBXFileReference; lastKnownFileType = sourcecode.swift; path = Theme.swift; sourceTree = "<group>"; };
		E5C72A93294C7BBC00825BE2 /* DailyScrum.swift */ = {isa = PBXFileReference; lastKnownFileType = sourcecode.swift; path = DailyScrum.swift; sourceTree = "<group>"; };
		E5DF301D294FD86900B5A56E /* ScrumsView.swift */ = {isa = PBXFileReference; lastKnownFileType = sourcecode.swift; path = ScrumsView.swift; sourceTree = "<group>"; };
/* End PBXFileReference section */

/* Begin PBXFrameworksBuildPhase section */
		E5B4F46529487C8E004CA325 /* Frameworks */ = {
			isa = PBXFrameworksBuildPhase;
			buildActionMask = 2147483647;
			files = (
			);
			runOnlyForDeploymentPostprocessing = 0;
		};
		E5B4F47529487C8F004CA325 /* Frameworks */ = {
			isa = PBXFrameworksBuildPhase;
			buildActionMask = 2147483647;
			files = (
			);
			runOnlyForDeploymentPostprocessing = 0;
		};
		E5B4F47F29487C8F004CA325 /* Frameworks */ = {
			isa = PBXFrameworksBuildPhase;
			buildActionMask = 2147483647;
			files = (
			);
			runOnlyForDeploymentPostprocessing = 0;
		};
/* End PBXFrameworksBuildPhase section */

/* Begin PBXGroup section */
		E5B4F45F29487C8E004CA325 = {
			isa = PBXGroup;
			children = (
				E5B4F46A29487C8E004CA325 /* Scrumdinger */,
				E5B4F47B29487C8F004CA325 /* ScrumdingerTests */,
				E5B4F48529487C8F004CA325 /* ScrumdingerUITests */,
				E5B4F46929487C8E004CA325 /* Products */,
			);
			sourceTree = "<group>";
		};
		E5B4F46929487C8E004CA325 /* Products */ = {
			isa = PBXGroup;
			children = (
				E5B4F46829487C8E004CA325 /* Scrumdinger.app */,
				E5B4F47829487C8F004CA325 /* ScrumdingerTests.xctest */,
				E5B4F48229487C8F004CA325 /* ScrumdingerUITests.xctest */,
			);
			name = Products;
			sourceTree = "<group>";
		};
		E5B4F46A29487C8E004CA325 /* Scrumdinger */ = {
			isa = PBXGroup;
			children = (
				E5C72A90294C650400825BE2 /* Models */,
				E5B4F46B29487C8E004CA325 /* ScrumdingerApp.swift */,
				E5B4F46D29487C8E004CA325 /* MeetingView.swift */,
				E592A91C294D451D000120D1 /* CardView.swift */,
				E592A91E294D9DDD000120D1 /* TrailingIconLabelStyle.swift */,
				E5DF301D294FD86900B5A56E /* ScrumsView.swift */,
				E5B4F46F29487C8F004CA325 /* Assets.xcassets */,
				E5B4F47129487C8F004CA325 /* Preview Content */,
			);
			path = Scrumdinger;
			sourceTree = "<group>";
		};
		E5B4F47129487C8F004CA325 /* Preview Content */ = {
			isa = PBXGroup;
			children = (
				E5B4F47229487C8F004CA325 /* Preview Assets.xcassets */,
			);
			path = "Preview Content";
			sourceTree = "<group>";
		};
		E5B4F47B29487C8F004CA325 /* ScrumdingerTests */ = {
			isa = PBXGroup;
			children = (
				E5B4F47C29487C8F004CA325 /* ScrumdingerTests.swift */,
			);
			path = ScrumdingerTests;
			sourceTree = "<group>";
		};
		E5B4F48529487C8F004CA325 /* ScrumdingerUITests */ = {
			isa = PBXGroup;
			children = (
				E5B4F48629487C8F004CA325 /* ScrumdingerUITests.swift */,
				E5B4F48829487C8F004CA325 /* ScrumdingerUITestsLaunchTests.swift */,
			);
			path = ScrumdingerUITests;
			sourceTree = "<group>";
		};
		E5C72A90294C650400825BE2 /* Models */ = {
			isa = PBXGroup;
			children = (
				E5C72A93294C7BBC00825BE2 /* DailyScrum.swift */,
				E5C72A91294C651F00825BE2 /* Theme.swift */,
			);
			path = Models;
			sourceTree = "<group>";
		};
/* End PBXGroup section */

/* Begin PBXNativeTarget section */
		E5B4F46729487C8E004CA325 /* Scrumdinger */ = {
			isa = PBXNativeTarget;
			buildConfigurationList = E5B4F48C29487C8F004CA325 /* Build configuration list for PBXNativeTarget "Scrumdinger" */;
			buildPhases = (
				E5B4F46429487C8E004CA325 /* Sources */,
				E5B4F46529487C8E004CA325 /* Frameworks */,
				E5B4F46629487C8E004CA325 /* Resources */,
			);
			buildRules = (
			);
			dependencies = (
			);
			name = Scrumdinger;
			productName = Scrumdinger;
			productReference = E5B4F46829487C8E004CA325 /* Scrumdinger.app */;
			productType = "com.apple.product-type.application";
		};
		E5B4F47729487C8F004CA325 /* ScrumdingerTests */ = {
			isa = PBXNativeTarget;
			buildConfigurationList = E5B4F48F29487C8F004CA325 /* Build configuration list for PBXNativeTarget "ScrumdingerTests" */;
			buildPhases = (
				E5B4F47429487C8F004CA325 /* Sources */,
				E5B4F47529487C8F004CA325 /* Frameworks */,
				E5B4F47629487C8F004CA325 /* Resources */,
			);
			buildRules = (
			);
			dependencies = (
				E5B4F47A29487C8F004CA325 /* PBXTargetDependency */,
			);
			name = ScrumdingerTests;
			productName = ScrumdingerTests;
			productReference = E5B4F47829487C8F004CA325 /* ScrumdingerTests.xctest */;
			productType = "com.apple.product-type.bundle.unit-test";
		};
		E5B4F48129487C8F004CA325 /* ScrumdingerUITests */ = {
			isa = PBXNativeTarget;
			buildConfigurationList = E5B4F49229487C8F004CA325 /* Build configuration list for PBXNativeTarget "ScrumdingerUITests" */;
			buildPhases = (
				E5B4F47E29487C8F004CA325 /* Sources */,
				E5B4F47F29487C8F004CA325 /* Frameworks */,
				E5B4F48029487C8F004CA325 /* Resources */,
			);
			buildRules = (
			);
			dependencies = (
				E5B4F48429487C8F004CA325 /* PBXTargetDependency */,
			);
			name = ScrumdingerUITests;
			productName = ScrumdingerUITests;
			productReference = E5B4F48229487C8F004CA325 /* ScrumdingerUITests.xctest */;
			productType = "com.apple.product-type.bundle.ui-testing";
		};
/* End PBXNativeTarget section */

/* Begin PBXProject section */
		E5B4F46029487C8E004CA325 /* Project object */ = {
			isa = PBXProject;
			attributes = {
				BuildIndependentTargetsInParallel = 1;
				LastSwiftUpdateCheck = 1410;
				LastUpgradeCheck = 1410;
				TargetAttributes = {
					E5B4F46729487C8E004CA325 = {
						CreatedOnToolsVersion = 14.1;
					};
					E5B4F47729487C8F004CA325 = {
						CreatedOnToolsVersion = 14.1;
						TestTargetID = E5B4F46729487C8E004CA325;
					};
					E5B4F48129487C8F004CA325 = {
						CreatedOnToolsVersion = 14.1;
						TestTargetID = E5B4F46729487C8E004CA325;
					};
				};
			};
			buildConfigurationList = E5B4F46329487C8E004CA325 /* Build configuration list for PBXProject "Scrumdinger" */;
			compatibilityVersion = "Xcode 14.0";
			developmentRegion = en;
			hasScannedForEncodings = 0;
			knownRegions = (
				en,
				Base,
			);
			mainGroup = E5B4F45F29487C8E004CA325;
			productRefGroup = E5B4F46929487C8E004CA325 /* Products */;
			projectDirPath = "";
			projectRoot = "";
			targets = (
				E5B4F46729487C8E004CA325 /* Scrumdinger */,
				E5B4F47729487C8F004CA325 /* ScrumdingerTests */,
				E5B4F48129487C8F004CA325 /* ScrumdingerUITests */,
			);
		};
/* End PBXProject section */

/* Begin PBXResourcesBuildPhase section */
		E5B4F46629487C8E004CA325 /* Resources */ = {
			isa = PBXResourcesBuildPhase;
			buildActionMask = 2147483647;
			files = (
				E5B4F47329487C8F004CA325 /* Preview Assets.xcassets in Resources */,
				E5B4F47029487C8F004CA325 /* Assets.xcassets in Resources */,
			);
			runOnlyForDeploymentPostprocessing = 0;
		};
		E5B4F47629487C8F004CA325 /* Resources */ = {
			isa = PBXResourcesBuildPhase;
			buildActionMask = 2147483647;
			files = (
			);
			runOnlyForDeploymentPostprocessing = 0;
		};
		E5B4F48029487C8F004CA325 /* Resources */ = {
			isa = PBXResourcesBuildPhase;
			buildActionMask = 2147483647;
			files = (
			);
			runOnlyForDeploymentPostprocessing = 0;
		};
/* End PBXResourcesBuildPhase section */

/* Begin PBXSourcesBuildPhase section */
		E5B4F46429487C8E004CA325 /* Sources */ = {
			isa = PBXSourcesBuildPhase;
			buildActionMask = 2147483647;
			files = (
				E5C72A94294C7BBC00825BE2 /* DailyScrum.swift in Sources */,
				E592A91F294D9DDD000120D1 /* TrailingIconLabelStyle.swift in Sources */,
				E5C72A92294C651F00825BE2 /* Theme.swift in Sources */,
				E5DF301E294FD86900B5A56E /* ScrumsView.swift in Sources */,
				E5B4F46E29487C8E004CA325 /* MeetingView.swift in Sources */,
				E5B4F46C29487C8E004CA325 /* ScrumdingerApp.swift in Sources */,
				E592A91D294D451D000120D1 /* CardView.swift in Sources */,
			);
			runOnlyForDeploymentPostprocessing = 0;
		};
		E5B4F47429487C8F004CA325 /* Sources */ = {
			isa = PBXSourcesBuildPhase;
			buildActionMask = 2147483647;
			files = (
				E5B4F47D29487C8F004CA325 /* ScrumdingerTests.swift in Sources */,
			);
			runOnlyForDeploymentPostprocessing = 0;
		};
		E5B4F47E29487C8F004CA325 /* Sources */ = {
			isa = PBXSourcesBuildPhase;
			buildActionMask = 2147483647;
			files = (
				E5B4F48929487C8F004CA325 /* ScrumdingerUITestsLaunchTests.swift in Sources */,
				E5B4F48729487C8F004CA325 /* ScrumdingerUITests.swift in Sources */,
			);
			runOnlyForDeploymentPostprocessing = 0;
		};
/* End PBXSourcesBuildPhase section */

/* Begin PBXTargetDependency section */
		E5B4F47A29487C8F004CA325 /* PBXTargetDependency */ = {
			isa = PBXTargetDependency;
			target = E5B4F46729487C8E004CA325 /* Scrumdinger */;
			targetProxy = E5B4F47929487C8F004CA325 /* PBXContainerItemProxy */;
		};
		E5B4F48429487C8F004CA325 /* PBXTargetDependency */ = {
			isa = PBXTargetDependency;
			target = E5B4F46729487C8E004CA325 /* Scrumdinger */;
			targetProxy = E5B4F48329487C8F004CA325 /* PBXContainerItemProxy */;
		};
/* End PBXTargetDependency section */

/* Begin XCBuildConfiguration section */
		E5B4F48A29487C8F004CA325 /* Debug */ = {
			isa = XCBuildConfiguration;
			buildSettings = {
				ALWAYS_SEARCH_USER_PATHS = NO;
				CLANG_ANALYZER_NONNULL = YES;
				CLANG_ANALYZER_NUMBER_OBJECT_CONVERSION = YES_AGGRESSIVE;
				CLANG_CXX_LANGUAGE_STANDARD = "gnu++20";
				CLANG_ENABLE_MODULES = YES;
				CLANG_ENABLE_OBJC_ARC = YES;
				CLANG_ENABLE_OBJC_WEAK = YES;
				CLANG_WARN_BLOCK_CAPTURE_AUTORELEASING = YES;
				CLANG_WARN_BOOL_CONVERSION = YES;
				CLANG_WARN_COMMA = YES;
				CLANG_WARN_CONSTANT_CONVERSION = YES;
				CLANG_WARN_DEPRECATED_OBJC_IMPLEMENTATIONS = YES;
				CLANG_WARN_DIRECT_OBJC_ISA_USAGE = YES_ERROR;
				CLANG_WARN_DOCUMENTATION_COMMENTS = YES;
				CLANG_WARN_EMPTY_BODY = YES;
				CLANG_WARN_ENUM_CONVERSION = YES;
				CLANG_WARN_INFINITE_RECURSION = YES;
				CLANG_WARN_INT_CONVERSION = YES;
				CLANG_WARN_NON_LITERAL_NULL_CONVERSION = YES;
				CLANG_WARN_OBJC_IMPLICIT_RETAIN_SELF = YES;
				CLANG_WARN_OBJC_LITERAL_CONVERSION = YES;
				CLANG_WARN_OBJC_ROOT_CLASS = YES_ERROR;
				CLANG_WARN_QUOTED_INCLUDE_IN_FRAMEWORK_HEADER = YES;
				CLANG_WARN_RANGE_LOOP_ANALYSIS = YES;
				CLANG_WARN_STRICT_PROTOTYPES = YES;
				CLANG_WARN_SUSPICIOUS_MOVE = YES;
				CLANG_WARN_UNGUARDED_AVAILABILITY = YES_AGGRESSIVE;
				CLANG_WARN_UNREACHABLE_CODE = YES;
				CLANG_WARN__DUPLICATE_METHOD_MATCH = YES;
				COPY_PHASE_STRIP = NO;
				DEBUG_INFORMATION_FORMAT = dwarf;
				ENABLE_STRICT_OBJC_MSGSEND = YES;
				ENABLE_TESTABILITY = YES;
				GCC_C_LANGUAGE_STANDARD = gnu11;
				GCC_DYNAMIC_NO_PIC = NO;
				GCC_NO_COMMON_BLOCKS = YES;
				GCC_OPTIMIZATION_LEVEL = 0;
				GCC_PREPROCESSOR_DEFINITIONS = (
					"DEBUG=1",
					"$(inherited)",
				);
				GCC_WARN_64_TO_32_BIT_CONVERSION = YES;
				GCC_WARN_ABOUT_RETURN_TYPE = YES_ERROR;
				GCC_WARN_UNDECLARED_SELECTOR = YES;
				GCC_WARN_UNINITIALIZED_AUTOS = YES_AGGRESSIVE;
				GCC_WARN_UNUSED_FUNCTION = YES;
				GCC_WARN_UNUSED_VARIABLE = YES;
				IPHONEOS_DEPLOYMENT_TARGET = 16.1;
				MTL_ENABLE_DEBUG_INFO = INCLUDE_SOURCE;
				MTL_FAST_MATH = YES;
				ONLY_ACTIVE_ARCH = YES;
				SDKROOT = iphoneos;
				SWIFT_ACTIVE_COMPILATION_CONDITIONS = DEBUG;
				SWIFT_OPTIMIZATION_LEVEL = "-Onone";
			};
			name = Debug;
		};
		E5B4F48B29487C8F004CA325 /* Release */ = {
			isa = XCBuildConfiguration;
			buildSettings = {
				ALWAYS_SEARCH_USER_PATHS = NO;
				CLANG_ANALYZER_NONNULL = YES;
				CLANG_ANALYZER_NUMBER_OBJECT_CONVERSION = YES_AGGRESSIVE;
				CLANG_CXX_LANGUAGE_STANDARD = "gnu++20";
				CLANG_ENABLE_MODULES = YES;
				CLANG_ENABLE_OBJC_ARC = YES;
				CLANG_ENABLE_OBJC_WEAK = YES;
				CLANG_WARN_BLOCK_CAPTURE_AUTORELEASING = YES;
				CLANG_WARN_BOOL_CONVERSION = YES;
				CLANG_WARN_COMMA = YES;
				CLANG_WARN_CONSTANT_CONVERSION = YES;
				CLANG_WARN_DEPRECATED_OBJC_IMPLEMENTATIONS = YES;
				CLANG_WARN_DIRECT_OBJC_ISA_USAGE = YES_ERROR;
				CLANG_WARN_DOCUMENTATION_COMMENTS = YES;
				CLANG_WARN_EMPTY_BODY = YES;
				CLANG_WARN_ENUM_CONVERSION = YES;
				CLANG_WARN_INFINITE_RECURSION = YES;
				CLANG_WARN_INT_CONVERSION = YES;
				CLANG_WARN_NON_LITERAL_NULL_CONVERSION = YES;
				CLANG_WARN_OBJC_IMPLICIT_RETAIN_SELF = YES;
				CLANG_WARN_OBJC_LITERAL_CONVERSION = YES;
				CLANG_WARN_OBJC_ROOT_CLASS = YES_ERROR;
				CLANG_WARN_QUOTED_INCLUDE_IN_FRAMEWORK_HEADER = YES;
				CLANG_WARN_RANGE_LOOP_ANALYSIS = YES;
				CLANG_WARN_STRICT_PROTOTYPES = YES;
				CLANG_WARN_SUSPICIOUS_MOVE = YES;
				CLANG_WARN_UNGUARDED_AVAILABILITY = YES_AGGRESSIVE;
				CLANG_WARN_UNREACHABLE_CODE = YES;
				CLANG_WARN__DUPLICATE_METHOD_MATCH = YES;
				COPY_PHASE_STRIP = NO;
				DEBUG_INFORMATION_FORMAT = "dwarf-with-dsym";
				ENABLE_NS_ASSERTIONS = NO;
				ENABLE_STRICT_OBJC_MSGSEND = YES;
				GCC_C_LANGUAGE_STANDARD = gnu11;
				GCC_NO_COMMON_BLOCKS = YES;
				GCC_WARN_64_TO_32_BIT_CONVERSION = YES;
				GCC_WARN_ABOUT_RETURN_TYPE = YES_ERROR;
				GCC_WARN_UNDECLARED_SELECTOR = YES;
				GCC_WARN_UNINITIALIZED_AUTOS = YES_AGGRESSIVE;
				GCC_WARN_UNUSED_FUNCTION = YES;
				GCC_WARN_UNUSED_VARIABLE = YES;
				IPHONEOS_DEPLOYMENT_TARGET = 16.1;
				MTL_ENABLE_DEBUG_INFO = NO;
				MTL_FAST_MATH = YES;
				SDKROOT = iphoneos;
				SWIFT_COMPILATION_MODE = wholemodule;
				SWIFT_OPTIMIZATION_LEVEL = "-O";
				VALIDATE_PRODUCT = YES;
			};
			name = Release;
		};
		E5B4F48D29487C8F004CA325 /* Debug */ = {
			isa = XCBuildConfiguration;
			buildSettings = {
				ASSETCATALOG_COMPILER_APPICON_NAME = AppIcon;
				ASSETCATALOG_COMPILER_GLOBAL_ACCENT_COLOR_NAME = AccentColor;
				CODE_SIGN_STYLE = Automatic;
				CURRENT_PROJECT_VERSION = 1;
				DEVELOPMENT_ASSET_PATHS = "\"Scrumdinger/Preview Content\"";
				DEVELOPMENT_TEAM = P5U3KF2575;
				ENABLE_PREVIEWS = YES;
				GENERATE_INFOPLIST_FILE = YES;
				INFOPLIST_KEY_UIApplicationSceneManifest_Generation = YES;
				INFOPLIST_KEY_UIApplicationSupportsIndirectInputEvents = YES;
				INFOPLIST_KEY_UILaunchScreen_Generation = YES;
				INFOPLIST_KEY_UISupportedInterfaceOrientations_iPad = "UIInterfaceOrientationPortrait UIInterfaceOrientationPortraitUpsideDown UIInterfaceOrientationLandscapeLeft UIInterfaceOrientationLandscapeRight";
				INFOPLIST_KEY_UISupportedInterfaceOrientations_iPhone = "UIInterfaceOrientationPortrait UIInterfaceOrientationLandscapeLeft UIInterfaceOrientationLandscapeRight";
				LD_RUNPATH_SEARCH_PATHS = (
					"$(inherited)",
					"@executable_path/Frameworks",
				);
				MARKETING_VERSION = 1.0;
				PRODUCT_BUNDLE_IDENTIFIER = mpc.Scrumdinger;
				PRODUCT_NAME = "$(TARGET_NAME)";
				SWIFT_EMIT_LOC_STRINGS = YES;
				SWIFT_VERSION = 5.0;
				TARGETED_DEVICE_FAMILY = "1,2";
			};
			name = Debug;
		};
		E5B4F48E29487C8F004CA325 /* Release */ = {
			isa = XCBuildConfiguration;
			buildSettings = {
				ASSETCATALOG_COMPILER_APPICON_NAME = AppIcon;
				ASSETCATALOG_COMPILER_GLOBAL_ACCENT_COLOR_NAME = AccentColor;
				CODE_SIGN_STYLE = Automatic;
				CURRENT_PROJECT_VERSION = 1;
				DEVELOPMENT_ASSET_PATHS = "\"Scrumdinger/Preview Content\"";
				DEVELOPMENT_TEAM = P5U3KF2575;
				ENABLE_PREVIEWS = YES;
				GENERATE_INFOPLIST_FILE = YES;
				INFOPLIST_KEY_UIApplicationSceneManifest_Generation = YES;
				INFOPLIST_KEY_UIApplicationSupportsIndirectInputEvents = YES;
				INFOPLIST_KEY_UILaunchScreen_Generation = YES;
				INFOPLIST_KEY_UISupportedInterfaceOrientations_iPad = "UIInterfaceOrientationPortrait UIInterfaceOrientationPortraitUpsideDown UIInterfaceOrientationLandscapeLeft UIInterfaceOrientationLandscapeRight";
				INFOPLIST_KEY_UISupportedInterfaceOrientations_iPhone = "UIInterfaceOrientationPortrait UIInterfaceOrientationLandscapeLeft UIInterfaceOrientationLandscapeRight";
				LD_RUNPATH_SEARCH_PATHS = (
					"$(inherited)",
					"@executable_path/Frameworks",
				);
				MARKETING_VERSION = 1.0;
				PRODUCT_BUNDLE_IDENTIFIER = mpc.Scrumdinger;
				PRODUCT_NAME = "$(TARGET_NAME)";
				SWIFT_EMIT_LOC_STRINGS = YES;
				SWIFT_VERSION = 5.0;
				TARGETED_DEVICE_FAMILY = "1,2";
			};
			name = Release;
		};
		E5B4F49029487C8F004CA325 /* Debug */ = {
			isa = XCBuildConfiguration;
			buildSettings = {
				ALWAYS_EMBED_SWIFT_STANDARD_LIBRARIES = YES;
				BUNDLE_LOADER = "$(TEST_HOST)";
				CODE_SIGN_STYLE = Automatic;
				CURRENT_PROJECT_VERSION = 1;
				DEVELOPMENT_TEAM = P5U3KF2575;
				GENERATE_INFOPLIST_FILE = YES;
				IPHONEOS_DEPLOYMENT_TARGET = 16.1;
				MARKETING_VERSION = 1.0;
				PRODUCT_BUNDLE_IDENTIFIER = mpc.ScrumdingerTests;
				PRODUCT_NAME = "$(TARGET_NAME)";
				SWIFT_EMIT_LOC_STRINGS = NO;
				SWIFT_VERSION = 5.0;
				TARGETED_DEVICE_FAMILY = "1,2";
				TEST_HOST = "$(BUILT_PRODUCTS_DIR)/Scrumdinger.app/$(BUNDLE_EXECUTABLE_FOLDER_PATH)/Scrumdinger";
			};
			name = Debug;
		};
		E5B4F49129487C8F004CA325 /* Release */ = {
			isa = XCBuildConfiguration;
			buildSettings = {
				ALWAYS_EMBED_SWIFT_STANDARD_LIBRARIES = YES;
				BUNDLE_LOADER = "$(TEST_HOST)";
				CODE_SIGN_STYLE = Automatic;
				CURRENT_PROJECT_VERSION = 1;
				DEVELOPMENT_TEAM = P5U3KF2575;
				GENERATE_INFOPLIST_FILE = YES;
				IPHONEOS_DEPLOYMENT_TARGET = 16.1;
				MARKETING_VERSION = 1.0;
				PRODUCT_BUNDLE_IDENTIFIER = mpc.ScrumdingerTests;
				PRODUCT_NAME = "$(TARGET_NAME)";
				SWIFT_EMIT_LOC_STRINGS = NO;
				SWIFT_VERSION = 5.0;
				TARGETED_DEVICE_FAMILY = "1,2";
				TEST_HOST = "$(BUILT_PRODUCTS_DIR)/Scrumdinger.app/$(BUNDLE_EXECUTABLE_FOLDER_PATH)/Scrumdinger";
			};
			name = Release;
		};
		E5B4F49329487C8F004CA325 /* Debug */ = {
			isa = XCBuildConfiguration;
			buildSettings = {
				ALWAYS_EMBED_SWIFT_STANDARD_LIBRARIES = YES;
				CODE_SIGN_STYLE = Automatic;
				CURRENT_PROJECT_VERSION = 1;
				DEVELOPMENT_TEAM = P5U3KF2575;
				GENERATE_INFOPLIST_FILE = YES;
				MARKETING_VERSION = 1.0;
				PRODUCT_BUNDLE_IDENTIFIER = mpc.ScrumdingerUITests;
				PRODUCT_NAME = "$(TARGET_NAME)";
				SWIFT_EMIT_LOC_STRINGS = NO;
				SWIFT_VERSION = 5.0;
				TARGETED_DEVICE_FAMILY = "1,2";
				TEST_TARGET_NAME = Scrumdinger;
			};
			name = Debug;
		};
		E5B4F49429487C8F004CA325 /* Release */ = {
			isa = XCBuildConfiguration;
			buildSettings = {
				ALWAYS_EMBED_SWIFT_STANDARD_LIBRARIES = YES;
				CODE_SIGN_STYLE = Automatic;
				CURRENT_PROJECT_VERSION = 1;
				DEVELOPMENT_TEAM = P5U3KF2575;
				GENERATE_INFOPLIST_FILE = YES;
				MARKETING_VERSION = 1.0;
				PRODUCT_BUNDLE_IDENTIFIER = mpc.ScrumdingerUITests;
				PRODUCT_NAME = "$(TARGET_NAME)";
				SWIFT_EMIT_LOC_STRINGS = NO;
				SWIFT_VERSION = 5.0;
				TARGETED_DEVICE_FAMILY = "1,2";
				TEST_TARGET_NAME = Scrumdinger;
			};
			name = Release;
		};
/* End XCBuildConfiguration section */

/* Begin XCConfigurationList section */
		E5B4F46329487C8E004CA325 /* Build configuration list for PBXProject "Scrumdinger" */ = {
			isa = XCConfigurationList;
			buildConfigurations = (
				E5B4F48A29487C8F004CA325 /* Debug */,
				E5B4F48B29487C8F004CA325 /* Release */,
			);
			defaultConfigurationIsVisible = 0;
			defaultConfigurationName = Release;
		};
		E5B4F48C29487C8F004CA325 /* Build configuration list for PBXNativeTarget "Scrumdinger" */ = {
			isa = XCConfigurationList;
			buildConfigurations = (
				E5B4F48D29487C8F004CA325 /* Debug */,
				E5B4F48E29487C8F004CA325 /* Release */,
			);
			defaultConfigurationIsVisible = 0;
			defaultConfigurationName = Release;
		};
		E5B4F48F29487C8F004CA325 /* Build configuration list for PBXNativeTarget "ScrumdingerTests" */ = {
			isa = XCConfigurationList;
			buildConfigurations = (
				E5B4F49029487C8F004CA325 /* Debug */,
				E5B4F49129487C8F004CA325 /* Release */,
			);
			defaultConfigurationIsVisible = 0;
			defaultConfigurationName = Release;
		};
		E5B4F49229487C8F004CA325 /* Build configuration list for PBXNativeTarget "ScrumdingerUITests" */ = {
			isa = XCConfigurationList;
			buildConfigurations = (
				E5B4F49329487C8F004CA325 /* Debug */,
				E5B4F49429487C8F004CA325 /* Release */,
			);
			defaultConfigurationIsVisible = 0;
			defaultConfigurationName = Release;
		};
/* End XCConfigurationList section */
	};
	rootObject = E5B4F46029487C8E004CA325 /* Project object */;
}
